
Microsoft Visual Studio Solution File, Format Version 12.00
# Visual Studio 2012
Project("{FAE04EC0-301F-11D3-BF4B-00C04F79EFBC}") = "Program 1", "Program 1\Program 1.csproj", "{E6CB90A3-0EFC-46AF-8AC7-BAAC9CB8097F}"
EndProject
Project("{FAE04EC0-301F-11D3-BF4B-00C04F79EFBC}") = "Program 2", "Program 2\Program 2.csproj", "{C2714461-7116-49EC-BC52-4E6A6A4C64DB}"
EndProject
Global
	GlobalSection(SolutionConfigurationPlatforms) = preSolution
		Debug|Any CPU = Debug|Any CPU
		Release|Any CPU = Release|Any CPU
	EndGlobalSection
	GlobalSection(ProjectConfigurationPlatforms) = postSolution
		{E6CB90A3-0EFC-46AF-8AC7-BAAC9CB8097F}.Debug|Any CPU.ActiveCfg = Debug|Any CPU
		{E6CB90A3-0EFC-46AF-8AC7-BAAC9CB8097F}.Debug|Any CPU.Build.0 = Debug|Any CPU
		{E6CB90A3-0EFC-46AF-8AC7-BAAC9CB8097F}.Release|Any CPU.ActiveCfg = Release|Any CPU
		{E6CB90A3-0EFC-46AF-8AC7-BAAC9CB8097F}.Release|Any CPU.Build.0 = Release|Any CPU
		{C2714461-7116-49EC-BC52-4E6A6A4C64DB}.Debug|Any CPU.ActiveCfg = Debug|Any CPU
		{C2714461-7116-49EC-BC52-4E6A6A4C64DB}.Debug|Any CPU.Build.0 = Debug|Any CPU
		{C2714461-7116-49EC-BC52-4E6A6A4C64DB}.Release|Any CPU.ActiveCfg = Release|Any CPU
		{C2714461-7116-49EC-BC52-4E6A6A4C64DB}.Release|Any CPU.Build.0 = Release|Any CPU
	EndGlobalSection
	GlobalSection(SolutionProperties) = preSolution
		HideSolutionNode = FALSE
	EndGlobalSection
EndGlobal
