
Microsoft Visual Studio Solution File, Format Version 12.00
# Visual Studio 2012
Project("{FAE04EC0-301F-11D3-BF4B-00C04F79EFBC}") = "PetFiler2", "PetFiler2\PetFiler2.csproj", "{EC0B1522-D81E-4E3A-8FC7-7A1117420FE4}"
EndProject
Project("{FAE04EC0-301F-11D3-BF4B-00C04F79EFBC}") = "NewProject", "NewProject\NewProject.csproj", "{42676B42-9C30-48E6-B817-8094AECC137D}"
EndProject
Project("{FAE04EC0-301F-11D3-BF4B-00C04F79EFBC}") = "Wracaj", "Wracaj\Wracaj.csproj", "{009E87BE-8094-4C18-9949-410A81DBAA26}"
EndProject
Project("{FAE04EC0-301F-11D3-BF4B-00C04F79EFBC}") = "Zabawa z instrukcjami if i else", "Zabawa z instrukcjami if i else\Zabawa z instrukcjami if i else.csproj", "{2A0898FF-2F24-4C1B-9843-4CBAD87479D7}"
EndProject
Project("{FAE04EC0-301F-11D3-BF4B-00C04F79EFBC}") = "Pętle", "Pętle\Pętle.csproj", "{71FBFD13-1E9E-4371-B699-6FE6AE588604}"
EndProject
Project("{FAE04EC0-301F-11D3-BF4B-00C04F79EFBC}") = "Program 4", "Program 4\Program 4.csproj", "{F92D0174-FFE9-4163-8962-44938F4989C2}"
EndProject
Project("{FAE04EC0-301F-11D3-BF4B-00C04F79EFBC}") = "Program 5", "Program 5\Program 5.csproj", "{82C975CB-F228-4B5D-AD15-6CD6422D4EFA}"
EndProject
Global
	GlobalSection(SolutionConfigurationPlatforms) = preSolution
		Debug|Any CPU = Debug|Any CPU
		Debug|ARM = Debug|ARM
		Debug|x64 = Debug|x64
		Debug|x86 = Debug|x86
		Release|Any CPU = Release|Any CPU
		Release|ARM = Release|ARM
		Release|x64 = Release|x64
		Release|x86 = Release|x86
	EndGlobalSection
	GlobalSection(ProjectConfigurationPlatforms) = postSolution
		{EC0B1522-D81E-4E3A-8FC7-7A1117420FE4}.Debug|Any CPU.ActiveCfg = Debug|Any CPU
		{EC0B1522-D81E-4E3A-8FC7-7A1117420FE4}.Debug|Any CPU.Build.0 = Debug|Any CPU
		{EC0B1522-D81E-4E3A-8FC7-7A1117420FE4}.Debug|ARM.ActiveCfg = Debug|Any CPU
		{EC0B1522-D81E-4E3A-8FC7-7A1117420FE4}.Debug|x64.ActiveCfg = Debug|Any CPU
		{EC0B1522-D81E-4E3A-8FC7-7A1117420FE4}.Debug|x86.ActiveCfg = Debug|Any CPU
		{EC0B1522-D81E-4E3A-8FC7-7A1117420FE4}.Release|Any CPU.ActiveCfg = Release|Any CPU
		{EC0B1522-D81E-4E3A-8FC7-7A1117420FE4}.Release|Any CPU.Build.0 = Release|Any CPU
		{EC0B1522-D81E-4E3A-8FC7-7A1117420FE4}.Release|ARM.ActiveCfg = Release|Any CPU
		{EC0B1522-D81E-4E3A-8FC7-7A1117420FE4}.Release|x64.ActiveCfg = Release|Any CPU
		{EC0B1522-D81E-4E3A-8FC7-7A1117420FE4}.Release|x86.ActiveCfg = Release|Any CPU
		{42676B42-9C30-48E6-B817-8094AECC137D}.Debug|Any CPU.ActiveCfg = Debug|Any CPU
		{42676B42-9C30-48E6-B817-8094AECC137D}.Debug|Any CPU.Build.0 = Debug|Any CPU
		{42676B42-9C30-48E6-B817-8094AECC137D}.Debug|Any CPU.Deploy.0 = Debug|Any CPU
		{42676B42-9C30-48E6-B817-8094AECC137D}.Debug|ARM.ActiveCfg = Debug|ARM
		{42676B42-9C30-48E6-B817-8094AECC137D}.Debug|ARM.Build.0 = Debug|ARM
		{42676B42-9C30-48E6-B817-8094AECC137D}.Debug|ARM.Deploy.0 = Debug|ARM
		{42676B42-9C30-48E6-B817-8094AECC137D}.Debug|x64.ActiveCfg = Debug|x64
		{42676B42-9C30-48E6-B817-8094AECC137D}.Debug|x64.Build.0 = Debug|x64
		{42676B42-9C30-48E6-B817-8094AECC137D}.Debug|x64.Deploy.0 = Debug|x64
		{42676B42-9C30-48E6-B817-8094AECC137D}.Debug|x86.ActiveCfg = Debug|x86
		{42676B42-9C30-48E6-B817-8094AECC137D}.Debug|x86.Build.0 = Debug|x86
		{42676B42-9C30-48E6-B817-8094AECC137D}.Debug|x86.Deploy.0 = Debug|x86
		{42676B42-9C30-48E6-B817-8094AECC137D}.Release|Any CPU.ActiveCfg = Release|Any CPU
		{42676B42-9C30-48E6-B817-8094AECC137D}.Release|Any CPU.Build.0 = Release|Any CPU
		{42676B42-9C30-48E6-B817-8094AECC137D}.Release|Any CPU.Deploy.0 = Release|Any CPU
		{42676B42-9C30-48E6-B817-8094AECC137D}.Release|ARM.ActiveCfg = Release|ARM
		{42676B42-9C30-48E6-B817-8094AECC137D}.Release|ARM.Build.0 = Release|ARM
		{42676B42-9C30-48E6-B817-8094AECC137D}.Release|ARM.Deploy.0 = Release|ARM
		{42676B42-9C30-48E6-B817-8094AECC137D}.Release|x64.ActiveCfg = Release|x64
		{42676B42-9C30-48E6-B817-8094AECC137D}.Release|x64.Build.0 = Release|x64
		{42676B42-9C30-48E6-B817-8094AECC137D}.Release|x64.Deploy.0 = Release|x64
		{42676B42-9C30-48E6-B817-8094AECC137D}.Release|x86.ActiveCfg = Release|x86
		{42676B42-9C30-48E6-B817-8094AECC137D}.Release|x86.Build.0 = Release|x86
		{42676B42-9C30-48E6-B817-8094AECC137D}.Release|x86.Deploy.0 = Release|x86
		{009E87BE-8094-4C18-9949-410A81DBAA26}.Debug|Any CPU.ActiveCfg = Debug|Any CPU
		{009E87BE-8094-4C18-9949-410A81DBAA26}.Debug|Any CPU.Build.0 = Debug|Any CPU
		{009E87BE-8094-4C18-9949-410A81DBAA26}.Debug|Any CPU.Deploy.0 = Debug|Any CPU
		{009E87BE-8094-4C18-9949-410A81DBAA26}.Debug|ARM.ActiveCfg = Debug|ARM
		{009E87BE-8094-4C18-9949-410A81DBAA26}.Debug|ARM.Build.0 = Debug|ARM
		{009E87BE-8094-4C18-9949-410A81DBAA26}.Debug|ARM.Deploy.0 = Debug|ARM
		{009E87BE-8094-4C18-9949-410A81DBAA26}.Debug|x64.ActiveCfg = Debug|x64
		{009E87BE-8094-4C18-9949-410A81DBAA26}.Debug|x64.Build.0 = Debug|x64
		{009E87BE-8094-4C18-9949-410A81DBAA26}.Debug|x64.Deploy.0 = Debug|x64
		{009E87BE-8094-4C18-9949-410A81DBAA26}.Debug|x86.ActiveCfg = Debug|x86
		{009E87BE-8094-4C18-9949-410A81DBAA26}.Debug|x86.Build.0 = Debug|x86
		{009E87BE-8094-4C18-9949-410A81DBAA26}.Debug|x86.Deploy.0 = Debug|x86
		{009E87BE-8094-4C18-9949-410A81DBAA26}.Release|Any CPU.ActiveCfg = Release|Any CPU
		{009E87BE-8094-4C18-9949-410A81DBAA26}.Release|Any CPU.Build.0 = Release|Any CPU
		{009E87BE-8094-4C18-9949-410A81DBAA26}.Release|Any CPU.Deploy.0 = Release|Any CPU
		{009E87BE-8094-4C18-9949-410A81DBAA26}.Release|ARM.ActiveCfg = Release|ARM
		{009E87BE-8094-4C18-9949-410A81DBAA26}.Release|ARM.Build.0 = Release|ARM
		{009E87BE-8094-4C18-9949-410A81DBAA26}.Release|ARM.Deploy.0 = Release|ARM
		{009E87BE-8094-4C18-9949-410A81DBAA26}.Release|x64.ActiveCfg = Release|x64
		{009E87BE-8094-4C18-9949-410A81DBAA26}.Release|x64.Build.0 = Release|x64
		{009E87BE-8094-4C18-9949-410A81DBAA26}.Release|x64.Deploy.0 = Release|x64
		{009E87BE-8094-4C18-9949-410A81DBAA26}.Release|x86.ActiveCfg = Release|x86
		{009E87BE-8094-4C18-9949-410A81DBAA26}.Release|x86.Build.0 = Release|x86
		{009E87BE-8094-4C18-9949-410A81DBAA26}.Release|x86.Deploy.0 = Release|x86
		{2A0898FF-2F24-4C1B-9843-4CBAD87479D7}.Debug|Any CPU.ActiveCfg = Debug|Any CPU
		{2A0898FF-2F24-4C1B-9843-4CBAD87479D7}.Debug|Any CPU.Build.0 = Debug|Any CPU
		{2A0898FF-2F24-4C1B-9843-4CBAD87479D7}.Debug|Any CPU.Deploy.0 = Debug|Any CPU
		{2A0898FF-2F24-4C1B-9843-4CBAD87479D7}.Debug|ARM.ActiveCfg = Debug|ARM
		{2A0898FF-2F24-4C1B-9843-4CBAD87479D7}.Debug|ARM.Build.0 = Debug|ARM
		{2A0898FF-2F24-4C1B-9843-4CBAD87479D7}.Debug|ARM.Deploy.0 = Debug|ARM
		{2A0898FF-2F24-4C1B-9843-4CBAD87479D7}.Debug|x64.ActiveCfg = Debug|x64
		{2A0898FF-2F24-4C1B-9843-4CBAD87479D7}.Debug|x64.Build.0 = Debug|x64
		{2A0898FF-2F24-4C1B-9843-4CBAD87479D7}.Debug|x64.Deploy.0 = Debug|x64
		{2A0898FF-2F24-4C1B-9843-4CBAD87479D7}.Debug|x86.ActiveCfg = Debug|x86
		{2A0898FF-2F24-4C1B-9843-4CBAD87479D7}.Debug|x86.Build.0 = Debug|x86
		{2A0898FF-2F24-4C1B-9843-4CBAD87479D7}.Debug|x86.Deploy.0 = Debug|x86
		{2A0898FF-2F24-4C1B-9843-4CBAD87479D7}.Release|Any CPU.ActiveCfg = Release|Any CPU
		{2A0898FF-2F24-4C1B-9843-4CBAD87479D7}.Release|Any CPU.Build.0 = Release|Any CPU
		{2A0898FF-2F24-4C1B-9843-4CBAD87479D7}.Release|Any CPU.Deploy.0 = Release|Any CPU
		{2A0898FF-2F24-4C1B-9843-4CBAD87479D7}.Release|ARM.ActiveCfg = Release|ARM
		{2A0898FF-2F24-4C1B-9843-4CBAD87479D7}.Release|ARM.Build.0 = Release|ARM
		{2A0898FF-2F24-4C1B-9843-4CBAD87479D7}.Release|ARM.Deploy.0 = Release|ARM
		{2A0898FF-2F24-4C1B-9843-4CBAD87479D7}.Release|x64.ActiveCfg = Release|x64
		{2A0898FF-2F24-4C1B-9843-4CBAD87479D7}.Release|x64.Build.0 = Release|x64
		{2A0898FF-2F24-4C1B-9843-4CBAD87479D7}.Release|x64.Deploy.0 = Release|x64
		{2A0898FF-2F24-4C1B-9843-4CBAD87479D7}.Release|x86.ActiveCfg = Release|x86
		{2A0898FF-2F24-4C1B-9843-4CBAD87479D7}.Release|x86.Build.0 = Release|x86
		{2A0898FF-2F24-4C1B-9843-4CBAD87479D7}.Release|x86.Deploy.0 = Release|x86
		{71FBFD13-1E9E-4371-B699-6FE6AE588604}.Debug|Any CPU.ActiveCfg = Debug|Any CPU
		{71FBFD13-1E9E-4371-B699-6FE6AE588604}.Debug|Any CPU.Build.0 = Debug|Any CPU
		{71FBFD13-1E9E-4371-B699-6FE6AE588604}.Debug|ARM.ActiveCfg = Debug|Any CPU
		{71FBFD13-1E9E-4371-B699-6FE6AE588604}.Debug|x64.ActiveCfg = Debug|Any CPU
		{71FBFD13-1E9E-4371-B699-6FE6AE588604}.Debug|x86.ActiveCfg = Debug|Any CPU
		{71FBFD13-1E9E-4371-B699-6FE6AE588604}.Release|Any CPU.ActiveCfg = Release|Any CPU
		{71FBFD13-1E9E-4371-B699-6FE6AE588604}.Release|Any CPU.Build.0 = Release|Any CPU
		{71FBFD13-1E9E-4371-B699-6FE6AE588604}.Release|ARM.ActiveCfg = Release|Any CPU
		{71FBFD13-1E9E-4371-B699-6FE6AE588604}.Release|x64.ActiveCfg = Release|Any CPU
		{71FBFD13-1E9E-4371-B699-6FE6AE588604}.Release|x86.ActiveCfg = Release|Any CPU
		{F92D0174-FFE9-4163-8962-44938F4989C2}.Debug|Any CPU.ActiveCfg = Debug|Any CPU
		{F92D0174-FFE9-4163-8962-44938F4989C2}.Debug|Any CPU.Build.0 = Debug|Any CPU
		{F92D0174-FFE9-4163-8962-44938F4989C2}.Debug|ARM.ActiveCfg = Debug|Any CPU
		{F92D0174-FFE9-4163-8962-44938F4989C2}.Debug|x64.ActiveCfg = Debug|Any CPU
		{F92D0174-FFE9-4163-8962-44938F4989C2}.Debug|x86.ActiveCfg = Debug|Any CPU
		{F92D0174-FFE9-4163-8962-44938F4989C2}.Release|Any CPU.ActiveCfg = Release|Any CPU
		{F92D0174-FFE9-4163-8962-44938F4989C2}.Release|Any CPU.Build.0 = Release|Any CPU
		{F92D0174-FFE9-4163-8962-44938F4989C2}.Release|ARM.ActiveCfg = Release|Any CPU
		{F92D0174-FFE9-4163-8962-44938F4989C2}.Release|x64.ActiveCfg = Release|Any CPU
		{F92D0174-FFE9-4163-8962-44938F4989C2}.Release|x86.ActiveCfg = Release|Any CPU
		{82C975CB-F228-4B5D-AD15-6CD6422D4EFA}.Debug|Any CPU.ActiveCfg = Debug|Any CPU
		{82C975CB-F228-4B5D-AD15-6CD6422D4EFA}.Debug|Any CPU.Build.0 = Debug|Any CPU
		{82C975CB-F228-4B5D-AD15-6CD6422D4EFA}.Debug|ARM.ActiveCfg = Debug|Any CPU
		{82C975CB-F228-4B5D-AD15-6CD6422D4EFA}.Debug|x64.ActiveCfg = Debug|Any CPU
		{82C975CB-F228-4B5D-AD15-6CD6422D4EFA}.Debug|x86.ActiveCfg = Debug|Any CPU
		{82C975CB-F228-4B5D-AD15-6CD6422D4EFA}.Release|Any CPU.ActiveCfg = Release|Any CPU
		{82C975CB-F228-4B5D-AD15-6CD6422D4EFA}.Release|Any CPU.Build.0 = Release|Any CPU
		{82C975CB-F228-4B5D-AD15-6CD6422D4EFA}.Release|ARM.ActiveCfg = Release|Any CPU
		{82C975CB-F228-4B5D-AD15-6CD6422D4EFA}.Release|x64.ActiveCfg = Release|Any CPU
		{82C975CB-F228-4B5D-AD15-6CD6422D4EFA}.Release|x86.ActiveCfg = Release|Any CPU
	EndGlobalSection
	GlobalSection(SolutionProperties) = preSolution
		HideSolutionNode = FALSE
	EndGlobalSection
EndGlobal
